// !$*UTF8*$!
{
	archiveVersion = 1;
	classes = {
	};
	objectVersion = 77;
	objects = {

/* Begin PBXBuildFile section */
		C6B952B22DC1BE6900665F20 /* Alamofire in Frameworks */ = {isa = PBXBuildFile; productRef = C6B952B12DC1BE6900665F20 /* Alamofire */; };
/* End PBXBuildFile section */

/* Begin PBXContainerItemProxy section */
		C61F7F442DBB47450009E0B2 /* PBXContainerItemProxy */ = {
			isa = PBXContainerItemProxy;
			containerPortal = C61F7F2B2DBB47430009E0B2 /* Project object */;
			proxyType = 1;
			remoteGlobalIDString = C61F7F322DBB47430009E0B2;
			remoteInfo = "Munch!";
		};
		C61F7F4E2DBB47450009E0B2 /* PBXContainerItemProxy */ = {
			isa = PBXContainerItemProxy;
			containerPortal = C61F7F2B2DBB47430009E0B2 /* Project object */;
			proxyType = 1;
			remoteGlobalIDString = C61F7F322DBB47430009E0B2;
			remoteInfo = "Munch!";
		};
/* End PBXContainerItemProxy section */

/* Begin PBXFileReference section */
		C61F7F332DBB47430009E0B2 /* Munch!.app */ = {isa = PBXFileReference; explicitFileType = wrapper.application; includeInIndex = 0; path = "Munch!.app"; sourceTree = BUILT_PRODUCTS_DIR; };
		C61F7F432DBB47450009E0B2 /* Munch!Tests.xctest */ = {isa = PBXFileReference; explicitFileType = wrapper.cfbundle; includeInIndex = 0; path = "Munch!Tests.xctest"; sourceTree = BUILT_PRODUCTS_DIR; };
		C61F7F4D2DBB47450009E0B2 /* Munch!UITests.xctest */ = {isa = PBXFileReference; explicitFileType = wrapper.cfbundle; includeInIndex = 0; path = "Munch!UITests.xctest"; sourceTree = BUILT_PRODUCTS_DIR; };
/* End PBXFileReference section */

/* Begin PBXFileSystemSynchronizedRootGroup section */
		C61F7F352DBB47430009E0B2 /* Munch! */ = {
			isa = PBXFileSystemSynchronizedRootGroup;
			path = "Munch!";
			sourceTree = "<group>";
		};
		C61F7F462DBB47450009E0B2 /* Munch!Tests */ = {
			isa = PBXFileSystemSynchronizedRootGroup;
			path = "Munch!Tests";
			sourceTree = "<group>";
		};
		C61F7F502DBB47450009E0B2 /* Munch!UITests */ = {
			isa = PBXFileSystemSynchronizedRootGroup;
			path = "Munch!UITests";
			sourceTree = "<group>";
		};
		C6D5DE092DC2C7A2004D5C80 /* Extensions */ = {
			isa = PBXFileSystemSynchronizedRootGroup;
			path = Extensions;
			sourceTree = "<group>";
		};
/* End PBXFileSystemSynchronizedRootGroup section */

/* Begin PBXFrameworksBuildPhase section */
		C61F7F302DBB47430009E0B2 /* Frameworks */ = {
			isa = PBXFrameworksBuildPhase;
			buildActionMask = 2147483647;
			files = (
				C6B952B22DC1BE6900665F20 /* Alamofire in Frameworks */,
			);
			runOnlyForDeploymentPostprocessing = 0;
		};
		C61F7F402DBB47450009E0B2 /* Frameworks */ = {
			isa = PBXFrameworksBuildPhase;
			buildActionMask = 2147483647;
			files = (
			);
			runOnlyForDeploymentPostprocessing = 0;
		};
		C61F7F4A2DBB47450009E0B2 /* Frameworks */ = {
			isa = PBXFrameworksBuildPhase;
			buildActionMask = 2147483647;
			files = (
			);
			runOnlyForDeploymentPostprocessing = 0;
		};
/* End PBXFrameworksBuildPhase section */

/* Begin PBXGroup section */
		C61F7F2A2DBB47430009E0B2 = {
			isa = PBXGroup;
			children = (
				C6D5DE092DC2C7A2004D5C80 /* Extensions */,
				C61F7F352DBB47430009E0B2 /* Munch! */,
				C61F7F462DBB47450009E0B2 /* Munch!Tests */,
				C61F7F502DBB47450009E0B2 /* Munch!UITests */,
				C61F7F342DBB47430009E0B2 /* Products */,
			);
			sourceTree = "<group>";
		};
		C61F7F342DBB47430009E0B2 /* Products */ = {
			isa = PBXGroup;
			children = (
				C61F7F332DBB47430009E0B2 /* Munch!.app */,
				C61F7F432DBB47450009E0B2 /* Munch!Tests.xctest */,
				C61F7F4D2DBB47450009E0B2 /* Munch!UITests.xctest */,
			);
			name = Products;
			sourceTree = "<group>";
		};
/* End PBXGroup section */

/* Begin PBXNativeTarget section */
		C61F7F322DBB47430009E0B2 /* Munch! */ = {
			isa = PBXNativeTarget;
			buildConfigurationList = C61F7F572DBB47450009E0B2 /* Build configuration list for PBXNativeTarget "Munch!" */;
			buildPhases = (
				C61F7F2F2DBB47430009E0B2 /* Sources */,
				C61F7F302DBB47430009E0B2 /* Frameworks */,
				C61F7F312DBB47430009E0B2 /* Resources */,
			);
			buildRules = (
			);
			dependencies = (
			);
			fileSystemSynchronizedGroups = (
				C61F7F352DBB47430009E0B2 /* Munch! */,
				C6D5DE092DC2C7A2004D5C80 /* Extensions */,
			);
			name = "Munch!";
			packageProductDependencies = (
				C6B952B12DC1BE6900665F20 /* Alamofire */,
			);
			productName = "Munch!";
			productReference = C61F7F332DBB47430009E0B2 /* Munch!.app */;
			productType = "com.apple.product-type.application";
		};
		C61F7F422DBB47450009E0B2 /* Munch!Tests */ = {
			isa = PBXNativeTarget;
			buildConfigurationList = C61F7F5A2DBB47450009E0B2 /* Build configuration list for PBXNativeTarget "Munch!Tests" */;
			buildPhases = (
				C61F7F3F2DBB47450009E0B2 /* Sources */,
				C61F7F402DBB47450009E0B2 /* Frameworks */,
				C61F7F412DBB47450009E0B2 /* Resources */,
			);
			buildRules = (
			);
			dependencies = (
				C61F7F452DBB47450009E0B2 /* PBXTargetDependency */,
			);
			fileSystemSynchronizedGroups = (
				C61F7F462DBB47450009E0B2 /* Munch!Tests */,
			);
			name = "Munch!Tests";
			packageProductDependencies = (
			);
			productName = "Munch!Tests";
			productReference = C61F7F432DBB47450009E0B2 /* Munch!Tests.xctest */;
			productType = "com.apple.product-type.bundle.unit-test";
		};
		C61F7F4C2DBB47450009E0B2 /* Munch!UITests */ = {
			isa = PBXNativeTarget;
			buildConfigurationList = C61F7F5D2DBB47450009E0B2 /* Build configuration list for PBXNativeTarget "Munch!UITests" */;
			buildPhases = (
				C61F7F492DBB47450009E0B2 /* Sources */,
				C61F7F4A2DBB47450009E0B2 /* Frameworks */,
				C61F7F4B2DBB47450009E0B2 /* Resources */,
			);
			buildRules = (
			);
			dependencies = (
				C61F7F4F2DBB47450009E0B2 /* PBXTargetDependency */,
			);
			fileSystemSynchronizedGroups = (
				C61F7F502DBB47450009E0B2 /* Munch!UITests */,
			);
			name = "Munch!UITests";
			packageProductDependencies = (
			);
			productName = "Munch!UITests";
			productReference = C61F7F4D2DBB47450009E0B2 /* Munch!UITests.xctest */;
			productType = "com.apple.product-type.bundle.ui-testing";
		};
/* End PBXNativeTarget section */

/* Begin PBXProject section */
		C61F7F2B2DBB47430009E0B2 /* Project object */ = {
			isa = PBXProject;
			attributes = {
				BuildIndependentTargetsInParallel = 1;
				LastSwiftUpdateCheck = 1620;
				LastUpgradeCheck = 1620;
				TargetAttributes = {
					C61F7F322DBB47430009E0B2 = {
						CreatedOnToolsVersion = 16.2;
					};
					C61F7F422DBB47450009E0B2 = {
						CreatedOnToolsVersion = 16.2;
						TestTargetID = C61F7F322DBB47430009E0B2;
					};
					C61F7F4C2DBB47450009E0B2 = {
						CreatedOnToolsVersion = 16.2;
						TestTargetID = C61F7F322DBB47430009E0B2;
					};
				};
			};
			buildConfigurationList = C61F7F2E2DBB47430009E0B2 /* Build configuration list for PBXProject "Munch!" */;
			developmentRegion = en;
			hasScannedForEncodings = 0;
			knownRegions = (
				en,
				Base,
			);
			mainGroup = C61F7F2A2DBB47430009E0B2;
			minimizedProjectReferenceProxies = 1;
			packageReferences = (
				C6B952B02DC1BE6900665F20 /* XCRemoteSwiftPackageReference "Alamofire" */,
			);
			preferredProjectObjectVersion = 77;
			productRefGroup = C61F7F342DBB47430009E0B2 /* Products */;
			projectDirPath = "";
			projectRoot = "";
			targets = (
				C61F7F322DBB47430009E0B2 /* Munch! */,
				C61F7F422DBB47450009E0B2 /* Munch!Tests */,
				C61F7F4C2DBB47450009E0B2 /* Munch!UITests */,
			);
		};
/* End PBXProject section */

/* Begin PBXResourcesBuildPhase section */
		C61F7F312DBB47430009E0B2 /* Resources */ = {
			isa = PBXResourcesBuildPhase;
			buildActionMask = 2147483647;
			files = (
			);
			runOnlyForDeploymentPostprocessing = 0;
		};
		C61F7F412DBB47450009E0B2 /* Resources */ = {
			isa = PBXResourcesBuildPhase;
			buildActionMask = 2147483647;
			files = (
			);
			runOnlyForDeploymentPostprocessing = 0;
		};
		C61F7F4B2DBB47450009E0B2 /* Resources */ = {
			isa = PBXResourcesBuildPhase;
			buildActionMask = 2147483647;
			files = (
			);
			runOnlyForDeploymentPostprocessing = 0;
		};
/* End PBXResourcesBuildPhase section */

/* Begin PBXSourcesBuildPhase section */
		C61F7F2F2DBB47430009E0B2 /* Sources */ = {
			isa = PBXSourcesBuildPhase;
			buildActionMask = 2147483647;
			files = (
			);
			runOnlyForDeploymentPostprocessing = 0;
		};
		C61F7F3F2DBB47450009E0B2 /* Sources */ = {
			isa = PBXSourcesBuildPhase;
			buildActionMask = 2147483647;
			files = (
			);
			runOnlyForDeploymentPostprocessing = 0;
		};
		C61F7F492DBB47450009E0B2 /* Sources */ = {
			isa = PBXSourcesBuildPhase;
			buildActionMask = 2147483647;
			files = (
			);
			runOnlyForDeploymentPostprocessing = 0;
		};
/* End PBXSourcesBuildPhase section */

/* Begin PBXTargetDependency section */
		C61F7F452DBB47450009E0B2 /* PBXTargetDependency */ = {
			isa = PBXTargetDependency;
			target = C61F7F322DBB47430009E0B2 /* Munch! */;
			targetProxy = C61F7F442DBB47450009E0B2 /* PBXContainerItemProxy */;
		};
		C61F7F4F2DBB47450009E0B2 /* PBXTargetDependency */ = {
			isa = PBXTargetDependency;
			target = C61F7F322DBB47430009E0B2 /* Munch! */;
			targetProxy = C61F7F4E2DBB47450009E0B2 /* PBXContainerItemProxy */;
		};
/* End PBXTargetDependency section */

/* Begin XCBuildConfiguration section */
		C61F7F552DBB47450009E0B2 /* Debug */ = {
			isa = XCBuildConfiguration;
			buildSettings = {
				ALWAYS_SEARCH_USER_PATHS = NO;
				ASSETCATALOG_COMPILER_GENERATE_SWIFT_ASSET_SYMBOL_EXTENSIONS = YES;
				CLANG_ANALYZER_NONNULL = YES;
				CLANG_ANALYZER_NUMBER_OBJECT_CONVERSION = YES_AGGRESSIVE;
				CLANG_CXX_LANGUAGE_STANDARD = "gnu++20";
				CLANG_ENABLE_MODULES = YES;
				CLANG_ENABLE_OBJC_ARC = YES;
				CLANG_ENABLE_OBJC_WEAK = YES;
				CLANG_WARN_BLOCK_CAPTURE_AUTORELEASING = YES;
				CLANG_WARN_BOOL_CONVERSION = YES;
				CLANG_WARN_COMMA = YES;
				CLANG_WARN_CONSTANT_CONVERSION = YES;
				CLANG_WARN_DEPRECATED_OBJC_IMPLEMENTATIONS = YES;
				CLANG_WARN_DIRECT_OBJC_ISA_USAGE = YES_ERROR;
				CLANG_WARN_DOCUMENTATION_COMMENTS = YES;
				CLANG_WARN_EMPTY_BODY = YES;
				CLANG_WARN_ENUM_CONVERSION = YES;
				CLANG_WARN_INFINITE_RECURSION = YES;
				CLANG_WARN_INT_CONVERSION = YES;
				CLANG_WARN_NON_LITERAL_NULL_CONVERSION = YES;
				CLANG_WARN_OBJC_IMPLICIT_RETAIN_SELF = YES;
				CLANG_WARN_OBJC_LITERAL_CONVERSION = YES;
				CLANG_WARN_OBJC_ROOT_CLASS = YES_ERROR;
				CLANG_WARN_QUOTED_INCLUDE_IN_FRAMEWORK_HEADER = YES;
				CLANG_WARN_RANGE_LOOP_ANALYSIS = YES;
				CLANG_WARN_STRICT_PROTOTYPES = YES;
				CLANG_WARN_SUSPICIOUS_MOVE = YES;
				CLANG_WARN_UNGUARDED_AVAILABILITY = YES_AGGRESSIVE;
				CLANG_WARN_UNREACHABLE_CODE = YES;
				CLANG_WARN__DUPLICATE_METHOD_MATCH = YES;
				COPY_PHASE_STRIP = NO;
				DEBUG_INFORMATION_FORMAT = dwarf;
				ENABLE_STRICT_OBJC_MSGSEND = YES;
				ENABLE_TESTABILITY = YES;
				ENABLE_USER_SCRIPT_SANDBOXING = YES;
				GCC_C_LANGUAGE_STANDARD = gnu17;
				GCC_DYNAMIC_NO_PIC = NO;
				GCC_NO_COMMON_BLOCKS = YES;
				GCC_OPTIMIZATION_LEVEL = 0;
				GCC_PREPROCESSOR_DEFINITIONS = (
					"DEBUG=1",
					"$(inherited)",
				);
				GCC_WARN_64_TO_32_BIT_CONVERSION = YES;
				GCC_WARN_ABOUT_RETURN_TYPE = YES_ERROR;
				GCC_WARN_UNDECLARED_SELECTOR = YES;
				GCC_WARN_UNINITIALIZED_AUTOS = YES_AGGRESSIVE;
				GCC_WARN_UNUSED_FUNCTION = YES;
				GCC_WARN_UNUSED_VARIABLE = YES;
				IPHONEOS_DEPLOYMENT_TARGET = 18.2;
				LOCALIZATION_PREFERS_STRING_CATALOGS = YES;
				MTL_ENABLE_DEBUG_INFO = INCLUDE_SOURCE;
				MTL_FAST_MATH = YES;
				ONLY_ACTIVE_ARCH = YES;
				SDKROOT = iphoneos;
				SWIFT_ACTIVE_COMPILATION_CONDITIONS = "DEBUG $(inherited)";
				SWIFT_OPTIMIZATION_LEVEL = "-Onone";
			};
			name = Debug;
		};
		C61F7F562DBB47450009E0B2 /* Release */ = {
			isa = XCBuildConfiguration;
			buildSettings = {
				ALWAYS_SEARCH_USER_PATHS = NO;
				ASSETCATALOG_COMPILER_GENERATE_SWIFT_ASSET_SYMBOL_EXTENSIONS = YES;
				CLANG_ANALYZER_NONNULL = YES;
				CLANG_ANALYZER_NUMBER_OBJECT_CONVERSION = YES_AGGRESSIVE;
				CLANG_CXX_LANGUAGE_STANDARD = "gnu++20";
				CLANG_ENABLE_MODULES = YES;
				CLANG_ENABLE_OBJC_ARC = YES;
				CLANG_ENABLE_OBJC_WEAK = YES;
				CLANG_WARN_BLOCK_CAPTURE_AUTORELEASING = YES;
				CLANG_WARN_BOOL_CONVERSION = YES;
				CLANG_WARN_COMMA = YES;
				CLANG_WARN_CONSTANT_CONVERSION = YES;
				CLANG_WARN_DEPRECATED_OBJC_IMPLEMENTATIONS = YES;
				CLANG_WARN_DIRECT_OBJC_ISA_USAGE = YES_ERROR;
				CLANG_WARN_DOCUMENTATION_COMMENTS = YES;
				CLANG_WARN_EMPTY_BODY = YES;
				CLANG_WARN_ENUM_CONVERSION = YES;
				CLANG_WARN_INFINITE_RECURSION = YES;
				CLANG_WARN_INT_CONVERSION = YES;
				CLANG_WARN_NON_LITERAL_NULL_CONVERSION = YES;
				CLANG_WARN_OBJC_IMPLICIT_RETAIN_SELF = YES;
				CLANG_WARN_OBJC_LITERAL_CONVERSION = YES;
				CLANG_WARN_OBJC_ROOT_CLASS = YES_ERROR;
				CLANG_WARN_QUOTED_INCLUDE_IN_FRAMEWORK_HEADER = YES;
				CLANG_WARN_RANGE_LOOP_ANALYSIS = YES;
				CLANG_WARN_STRICT_PROTOTYPES = YES;
				CLANG_WARN_SUSPICIOUS_MOVE = YES;
				CLANG_WARN_UNGUARDED_AVAILABILITY = YES_AGGRESSIVE;
				CLANG_WARN_UNREACHABLE_CODE = YES;
				CLANG_WARN__DUPLICATE_METHOD_MATCH = YES;
				COPY_PHASE_STRIP = NO;
				DEBUG_INFORMATION_FORMAT = "dwarf-with-dsym";
				ENABLE_NS_ASSERTIONS = NO;
				ENABLE_STRICT_OBJC_MSGSEND = YES;
				ENABLE_USER_SCRIPT_SANDBOXING = YES;
				GCC_C_LANGUAGE_STANDARD = gnu17;
				GCC_NO_COMMON_BLOCKS = YES;
				GCC_WARN_64_TO_32_BIT_CONVERSION = YES;
				GCC_WARN_ABOUT_RETURN_TYPE = YES_ERROR;
				GCC_WARN_UNDECLARED_SELECTOR = YES;
				GCC_WARN_UNINITIALIZED_AUTOS = YES_AGGRESSIVE;
				GCC_WARN_UNUSED_FUNCTION = YES;
				GCC_WARN_UNUSED_VARIABLE = YES;
				IPHONEOS_DEPLOYMENT_TARGET = 18.2;
				LOCALIZATION_PREFERS_STRING_CATALOGS = YES;
				MTL_ENABLE_DEBUG_INFO = NO;
				MTL_FAST_MATH = YES;
				SDKROOT = iphoneos;
				SWIFT_COMPILATION_MODE = wholemodule;
				VALIDATE_PRODUCT = YES;
			};
			name = Release;
		};
		C61F7F582DBB47450009E0B2 /* Debug */ = {
			isa = XCBuildConfiguration;
			buildSettings = {
				ASSETCATALOG_COMPILER_APPICON_NAME = AppIcon;
				ASSETCATALOG_COMPILER_GLOBAL_ACCENT_COLOR_NAME = AccentColor;
				CODE_SIGN_STYLE = Automatic;
				CURRENT_PROJECT_VERSION = 1;
				DEVELOPMENT_ASSET_PATHS = "\"Munch!/Preview Content\"";
				DEVELOPMENT_TEAM = DGFQ349DMJ;
				ENABLE_PREVIEWS = YES;
				GENERATE_INFOPLIST_FILE = YES;
				INFOPLIST_KEY_UIApplicationSceneManifest_Generation = YES;
				INFOPLIST_KEY_UIApplicationSupportsIndirectInputEvents = YES;
				INFOPLIST_KEY_UILaunchScreen_Generation = YES;
				INFOPLIST_KEY_UISupportedInterfaceOrientations_iPad = "UIInterfaceOrientationPortrait UIInterfaceOrientationPortraitUpsideDown UIInterfaceOrientationLandscapeLeft UIInterfaceOrientationLandscapeRight";
				INFOPLIST_KEY_UISupportedInterfaceOrientations_iPhone = "UIInterfaceOrientationPortrait UIInterfaceOrientationLandscapeLeft UIInterfaceOrientationLandscapeRight";
				LD_RUNPATH_SEARCH_PATHS = (
					"$(inherited)",
					"@executable_path/Frameworks",
				);
				MARKETING_VERSION = 1.0;
				PRODUCT_BUNDLE_IDENTIFIER = "L2.Munch-";
				PRODUCT_NAME = "$(TARGET_NAME)";
				SWIFT_EMIT_LOC_STRINGS = YES;
				SWIFT_VERSION = 5.0;
				TARGETED_DEVICE_FAMILY = "1,2";
			};
			name = Debug;
		};
		C61F7F592DBB47450009E0B2 /* Release */ = {
			isa = XCBuildConfiguration;
			buildSettings = {
				ASSETCATALOG_COMPILER_APPICON_NAME = AppIcon;
				ASSETCATALOG_COMPILER_GLOBAL_ACCENT_COLOR_NAME = AccentColor;
				CODE_SIGN_STYLE = Automatic;
				CURRENT_PROJECT_VERSION = 1;
				DEVELOPMENT_ASSET_PATHS = "\"Munch!/Preview Content\"";
				DEVELOPMENT_TEAM = DGFQ349DMJ;
				ENABLE_PREVIEWS = YES;
				GENERATE_INFOPLIST_FILE = YES;
				INFOPLIST_KEY_UIApplicationSceneManifest_Generation = YES;
				INFOPLIST_KEY_UIApplicationSupportsIndirectInputEvents = YES;
				INFOPLIST_KEY_UILaunchScreen_Generation = YES;
				INFOPLIST_KEY_UISupportedInterfaceOrientations_iPad = "UIInterfaceOrientationPortrait UIInterfaceOrientationPortraitUpsideDown UIInterfaceOrientationLandscapeLeft UIInterfaceOrientationLandscapeRight";
				INFOPLIST_KEY_UISupportedInterfaceOrientations_iPhone = "UIInterfaceOrientationPortrait UIInterfaceOrientationLandscapeLeft UIInterfaceOrientationLandscapeRight";
				LD_RUNPATH_SEARCH_PATHS = (
					"$(inherited)",
					"@executable_path/Frameworks",
				);
				MARKETING_VERSION = 1.0;
				PRODUCT_BUNDLE_IDENTIFIER = "L2.Munch-";
				PRODUCT_NAME = "$(TARGET_NAME)";
				SWIFT_EMIT_LOC_STRINGS = YES;
				SWIFT_VERSION = 5.0;
				TARGETED_DEVICE_FAMILY = "1,2";
			};
			name = Release;
		};
		C61F7F5B2DBB47450009E0B2 /* Debug */ = {
			isa = XCBuildConfiguration;
			buildSettings = {
				BUNDLE_LOADER = "$(TEST_HOST)";
				CODE_SIGN_STYLE = Automatic;
				CURRENT_PROJECT_VERSION = 1;
				GENERATE_INFOPLIST_FILE = YES;
				IPHONEOS_DEPLOYMENT_TARGET = 18.2;
				MARKETING_VERSION = 1.0;
				PRODUCT_BUNDLE_IDENTIFIER = "L2.Munch-Tests";
				PRODUCT_NAME = "$(TARGET_NAME)";
				SWIFT_EMIT_LOC_STRINGS = NO;
				SWIFT_VERSION = 5.0;
				TARGETED_DEVICE_FAMILY = "1,2";
				TEST_HOST = "$(BUILT_PRODUCTS_DIR)/Munch!.app/$(BUNDLE_EXECUTABLE_FOLDER_PATH)/Munch!";
			};
			name = Debug;
		};
		C61F7F5C2DBB47450009E0B2 /* Release */ = {
			isa = XCBuildConfiguration;
			buildSettings = {
				BUNDLE_LOADER = "$(TEST_HOST)";
				CODE_SIGN_STYLE = Automatic;
				CURRENT_PROJECT_VERSION = 1;
				GENERATE_INFOPLIST_FILE = YES;
				IPHONEOS_DEPLOYMENT_TARGET = 18.2;
				MARKETING_VERSION = 1.0;
				PRODUCT_BUNDLE_IDENTIFIER = "L2.Munch-Tests";
				PRODUCT_NAME = "$(TARGET_NAME)";
				SWIFT_EMIT_LOC_STRINGS = NO;
				SWIFT_VERSION = 5.0;
				TARGETED_DEVICE_FAMILY = "1,2";
				TEST_HOST = "$(BUILT_PRODUCTS_DIR)/Munch!.app/$(BUNDLE_EXECUTABLE_FOLDER_PATH)/Munch!";
			};
			name = Release;
		};
		C61F7F5E2DBB47450009E0B2 /* Debug */ = {
			isa = XCBuildConfiguration;
			buildSettings = {
				CODE_SIGN_STYLE = Automatic;
				CURRENT_PROJECT_VERSION = 1;
				GENERATE_INFOPLIST_FILE = YES;
				MARKETING_VERSION = 1.0;
				PRODUCT_BUNDLE_IDENTIFIER = "L2.Munch-UITests";
				PRODUCT_NAME = "$(TARGET_NAME)";
				SWIFT_EMIT_LOC_STRINGS = NO;
				SWIFT_VERSION = 5.0;
				TARGETED_DEVICE_FAMILY = "1,2";
				TEST_TARGET_NAME = "Munch!";
			};
			name = Debug;
		};
		C61F7F5F2DBB47450009E0B2 /* Release */ = {
			isa = XCBuildConfiguration;
			buildSettings = {
				CODE_SIGN_STYLE = Automatic;
				CURRENT_PROJECT_VERSION = 1;
				GENERATE_INFOPLIST_FILE = YES;
				MARKETING_VERSION = 1.0;
				PRODUCT_BUNDLE_IDENTIFIER = "L2.Munch-UITests";
				PRODUCT_NAME = "$(TARGET_NAME)";
				SWIFT_EMIT_LOC_STRINGS = NO;
				SWIFT_VERSION = 5.0;
				TARGETED_DEVICE_FAMILY = "1,2";
				TEST_TARGET_NAME = "Munch!";
			};
			name = Release;
		};
/* End XCBuildConfiguration section */

/* Begin XCConfigurationList section */
		C61F7F2E2DBB47430009E0B2 /* Build configuration list for PBXProject "Munch!" */ = {
			isa = XCConfigurationList;
			buildConfigurations = (
				C61F7F552DBB47450009E0B2 /* Debug */,
				C61F7F562DBB47450009E0B2 /* Release */,
			);
			defaultConfigurationIsVisible = 0;
			defaultConfigurationName = Release;
		};
		C61F7F572DBB47450009E0B2 /* Build configuration list for PBXNativeTarget "Munch!" */ = {
			isa = XCConfigurationList;
			buildConfigurations = (
				C61F7F582DBB47450009E0B2 /* Debug */,
				C61F7F592DBB47450009E0B2 /* Release */,
			);
			defaultConfigurationIsVisible = 0;
			defaultConfigurationName = Release;
		};
		C61F7F5A2DBB47450009E0B2 /* Build configuration list for PBXNativeTarget "Munch!Tests" */ = {
			isa = XCConfigurationList;
			buildConfigurations = (
				C61F7F5B2DBB47450009E0B2 /* Debug */,
				C61F7F5C2DBB47450009E0B2 /* Release */,
			);
			defaultConfigurationIsVisible = 0;
			defaultConfigurationName = Release;
		};
		C61F7F5D2DBB47450009E0B2 /* Build configuration list for PBXNativeTarget "Munch!UITests" */ = {
			isa = XCConfigurationList;
			buildConfigurations = (
				C61F7F5E2DBB47450009E0B2 /* Debug */,
				C61F7F5F2DBB47450009E0B2 /* Release */,
			);
			defaultConfigurationIsVisible = 0;
			defaultConfigurationName = Release;
		};
/* End XCConfigurationList section */

/* Begin XCRemoteSwiftPackageReference section */
		C6B952B02DC1BE6900665F20 /* XCRemoteSwiftPackageReference "Alamofire" */ = {
			isa = XCRemoteSwiftPackageReference;
			repositoryURL = "https://github.com/Alamofire/Alamofire.git";
			requirement = {
				kind = upToNextMajorVersion;
				minimumVersion = 5.10.2;
			};
		};
/* End XCRemoteSwiftPackageReference section */

/* Begin XCSwiftPackageProductDependency section */
		C6B952B12DC1BE6900665F20 /* Alamofire */ = {
			isa = XCSwiftPackageProductDependency;
			package = C6B952B02DC1BE6900665F20 /* XCRemoteSwiftPackageReference "Alamofire" */;
			productName = Alamofire;
		};
/* End XCSwiftPackageProductDependency section */
	};
	rootObject = C61F7F2B2DBB47430009E0B2 /* Project object */;
}
